// !$*UTF8*$!
{
	archiveVersion = 1;
	classes = {
	};
	objectVersion = 55;
	objects = {

/* Begin PBXBuildFile section */
		ED02275528CFB283004E6663 /* Settings.storyboard in Resources */ = {isa = PBXBuildFile; fileRef = ED02275428CFB283004E6663 /* Settings.storyboard */; };
		ED02275728CFB3AD004E6663 /* SettingsViewController.swift in Sources */ = {isa = PBXBuildFile; fileRef = ED02275628CFB3AD004E6663 /* SettingsViewController.swift */; };
		ED02275928CFB3EC004E6663 /* SettingsViewModel.swift in Sources */ = {isa = PBXBuildFile; fileRef = ED02275828CFB3EC004E6663 /* SettingsViewModel.swift */; };
		ED14B3DA2885D12A00D7A5C3 /* FavoritesTableViewCell.swift in Sources */ = {isa = PBXBuildFile; fileRef = ED14B3D92885D12A00D7A5C3 /* FavoritesTableViewCell.swift */; };
		ED14B3DE2888590400D7A5C3 /* IngredientTableViewCell.swift in Sources */ = {isa = PBXBuildFile; fileRef = ED14B3DD2888590400D7A5C3 /* IngredientTableViewCell.swift */; };
		ED68C9EF28F48F55002321F6 /* CocktailDetail.storyboard in Resources */ = {isa = PBXBuildFile; fileRef = ED68C9EE28F48F55002321F6 /* CocktailDetail.storyboard */; };
		ED69B8182913037600EA3617 /* CustomDetailViewController.swift in Sources */ = {isa = PBXBuildFile; fileRef = ED69B8172913037600EA3617 /* CustomDetailViewController.swift */; };
		ED9FECD52968EFD70013ACC0 /* Photo.swift in Sources */ = {isa = PBXBuildFile; fileRef = ED9FECD42968EFD70013ACC0 /* Photo.swift */; };
		EDAA1EB028E12FD800B47A3C /* IQKeyboardManagerSwift in Frameworks */ = {isa = PBXBuildFile; productRef = EDAA1EAF28E12FD800B47A3C /* IQKeyboardManagerSwift */; };
		EDB0BE50286CD5BD005EC7E9 /* AppDelegate.swift in Sources */ = {isa = PBXBuildFile; fileRef = EDB0BE4F286CD5BD005EC7E9 /* AppDelegate.swift */; };
		EDB0BE52286CD5BD005EC7E9 /* SceneDelegate.swift in Sources */ = {isa = PBXBuildFile; fileRef = EDB0BE51286CD5BD005EC7E9 /* SceneDelegate.swift */; };
		EDB0BE57286CD5BD005EC7E9 /* Main.storyboard in Resources */ = {isa = PBXBuildFile; fileRef = EDB0BE55286CD5BD005EC7E9 /* Main.storyboard */; };
		EDB0BE59286CD5BF005EC7E9 /* Assets.xcassets in Resources */ = {isa = PBXBuildFile; fileRef = EDB0BE58286CD5BF005EC7E9 /* Assets.xcassets */; };
		EDB0BE5C286CD5BF005EC7E9 /* LaunchScreen.storyboard in Resources */ = {isa = PBXBuildFile; fileRef = EDB0BE5A286CD5BF005EC7E9 /* LaunchScreen.storyboard */; };
		EDB0BE66286E160A005EC7E9 /* FullCocktail.swift in Sources */ = {isa = PBXBuildFile; fileRef = EDB0BE65286E160A005EC7E9 /* FullCocktail.swift */; };
		EDB0BE68286E1742005EC7E9 /* User.swift in Sources */ = {isa = PBXBuildFile; fileRef = EDB0BE67286E1742005EC7E9 /* User.swift */; };
		EDB0BE6C287498F9005EC7E9 /* Home.storyboard in Resources */ = {isa = PBXBuildFile; fileRef = EDB0BE6A287498F9005EC7E9 /* Home.storyboard */; };
		EDB0BE6F28749968005EC7E9 /* Create.storyboard in Resources */ = {isa = PBXBuildFile; fileRef = EDB0BE6D28749968005EC7E9 /* Create.storyboard */; };
		EDB0BE7128749995005EC7E9 /* Favorites.storyboard in Resources */ = {isa = PBXBuildFile; fileRef = EDB0BE7028749995005EC7E9 /* Favorites.storyboard */; };
		EDB0BE762874AF42005EC7E9 /* CocktailListViewModel.swift in Sources */ = {isa = PBXBuildFile; fileRef = EDB0BE752874AF42005EC7E9 /* CocktailListViewModel.swift */; };
		EDB0BE782874AF51005EC7E9 /* CocktailDetailViewModel.swift in Sources */ = {isa = PBXBuildFile; fileRef = EDB0BE772874AF51005EC7E9 /* CocktailDetailViewModel.swift */; };
		EDB0BE7B2874AFD4005EC7E9 /* CocktailListViewController.swift in Sources */ = {isa = PBXBuildFile; fileRef = EDB0BE7A2874AFD4005EC7E9 /* CocktailListViewController.swift */; };
		EDB0BE7D2874AFEB005EC7E9 /* CocktailDetailViewController.swift in Sources */ = {isa = PBXBuildFile; fileRef = EDB0BE7C2874AFEB005EC7E9 /* CocktailDetailViewController.swift */; };
		EDB0BE802874C101005EC7E9 /* CreateCocktailViewModel.swift in Sources */ = {isa = PBXBuildFile; fileRef = EDB0BE7F2874C101005EC7E9 /* CreateCocktailViewModel.swift */; };
		EDB0BE822874C111005EC7E9 /* CreateCocktailViewController.swift in Sources */ = {isa = PBXBuildFile; fileRef = EDB0BE812874C111005EC7E9 /* CreateCocktailViewController.swift */; };
		EDB0BE852874C3DF005EC7E9 /* CocktailListTableViewCell.swift in Sources */ = {isa = PBXBuildFile; fileRef = EDB0BE842874C3DF005EC7E9 /* CocktailListTableViewCell.swift */; };
		EDB0BEB628760389005EC7E9 /* FirebaseAnalytics in Frameworks */ = {isa = PBXBuildFile; productRef = EDB0BEB528760389005EC7E9 /* FirebaseAnalytics */; };
		EDB0BEB828760389005EC7E9 /* FirebaseAuth in Frameworks */ = {isa = PBXBuildFile; productRef = EDB0BEB728760389005EC7E9 /* FirebaseAuth */; };
		EDB0BEBA28760389005EC7E9 /* FirebaseFirestore in Frameworks */ = {isa = PBXBuildFile; productRef = EDB0BEB928760389005EC7E9 /* FirebaseFirestore */; };
		EDB0BEBC28760389005EC7E9 /* FirebaseFirestoreCombine-Community in Frameworks */ = {isa = PBXBuildFile; productRef = EDB0BEBB28760389005EC7E9 /* FirebaseFirestoreCombine-Community */; };
		EDB0BEBE28760389005EC7E9 /* FirebaseFirestoreSwift in Frameworks */ = {isa = PBXBuildFile; productRef = EDB0BEBD28760389005EC7E9 /* FirebaseFirestoreSwift */; };
		EDB0BEC128778F4B005EC7E9 /* UserLoginViewModel.swift in Sources */ = {isa = PBXBuildFile; fileRef = EDB0BEC028778F4B005EC7E9 /* UserLoginViewModel.swift */; };
		EDB0BEC328778F62005EC7E9 /* UserLoginViewController.swift in Sources */ = {isa = PBXBuildFile; fileRef = EDB0BEC228778F62005EC7E9 /* UserLoginViewController.swift */; };
		EDB0BEC628778F89005EC7E9 /* CreateUserViewModel.swift in Sources */ = {isa = PBXBuildFile; fileRef = EDB0BEC528778F89005EC7E9 /* CreateUserViewModel.swift */; };
		EDB0BEC828778F97005EC7E9 /* CreateUserViewController.swift in Sources */ = {isa = PBXBuildFile; fileRef = EDB0BEC728778F97005EC7E9 /* CreateUserViewController.swift */; };
		EDB0BECF2878F4BB005EC7E9 /* FirebaseService.swift in Sources */ = {isa = PBXBuildFile; fileRef = EDB0BECE2878F4BB005EC7E9 /* FirebaseService.swift */; };
		EDB0BED12878F722005EC7E9 /* FirebaseError.swift in Sources */ = {isa = PBXBuildFile; fileRef = EDB0BED02878F722005EC7E9 /* FirebaseError.swift */; };
		EDB0BED3287B8703005EC7E9 /* NetworkError.swift in Sources */ = {isa = PBXBuildFile; fileRef = EDB0BED2287B8703005EC7E9 /* NetworkError.swift */; };
		EDB0BED5287B8BD2005EC7E9 /* NetworkController.swift in Sources */ = {isa = PBXBuildFile; fileRef = EDB0BED4287B8BD2005EC7E9 /* NetworkController.swift */; };
		EDB0BED7287C8F52005EC7E9 /* GoogleService-Info.plist in Resources */ = {isa = PBXBuildFile; fileRef = EDB0BED6287C8F52005EC7E9 /* GoogleService-Info.plist */; };
		EDB0BEDC287D0AE4005EC7E9 /* FirebaseStorage in Frameworks */ = {isa = PBXBuildFile; productRef = EDB0BEDB287D0AE4005EC7E9 /* FirebaseStorage */; };
		EDB0BEDE287D1205005EC7E9 /* CustomCocktail.swift in Sources */ = {isa = PBXBuildFile; fileRef = EDB0BEDD287D1205005EC7E9 /* CustomCocktail.swift */; };
		EDB0BEE1287D2C7E005EC7E9 /* CocktailImageView.swift in Sources */ = {isa = PBXBuildFile; fileRef = EDB0BEE0287D2C7E005EC7E9 /* CocktailImageView.swift */; };
		EDB0BEE3287E562E005EC7E9 /* TabController.storyboard in Resources */ = {isa = PBXBuildFile; fileRef = EDB0BEE2287E562E005EC7E9 /* TabController.storyboard */; };
		EDB82BC328A7302900CF974C /* CustomIngredient.swift in Sources */ = {isa = PBXBuildFile; fileRef = EDB82BC228A7302900CF974C /* CustomIngredient.swift */; };
		EDBFB17E28ECEC4800A81D51 /* IngredientsTableViewCell.swift in Sources */ = {isa = PBXBuildFile; fileRef = EDBFB17D28ECEC4800A81D51 /* IngredientsTableViewCell.swift */; };
		EDEFFF85291C49BB0099D7C4 /* CustomListViewController.swift in Sources */ = {isa = PBXBuildFile; fileRef = EDEFFF84291C49BB0099D7C4 /* CustomListViewController.swift */; };
		EDEFFF87291C49DF0099D7C4 /* CustomListViewModel.swift in Sources */ = {isa = PBXBuildFile; fileRef = EDEFFF86291C49DF0099D7C4 /* CustomListViewModel.swift */; };
		EDEFFF8F291EC6E60099D7C4 /* CustomDetailViewModel.swift in Sources */ = {isa = PBXBuildFile; fileRef = EDEFFF8E291EC6E60099D7C4 /* CustomDetailViewModel.swift */; };
/* End PBXBuildFile section */

/* Begin PBXFileReference section */
		ED02275428CFB283004E6663 /* Settings.storyboard */ = {isa = PBXFileReference; lastKnownFileType = file.storyboard; path = Settings.storyboard; sourceTree = "<group>"; };
		ED02275628CFB3AD004E6663 /* SettingsViewController.swift */ = {isa = PBXFileReference; lastKnownFileType = sourcecode.swift; path = SettingsViewController.swift; sourceTree = "<group>"; };
		ED02275828CFB3EC004E6663 /* SettingsViewModel.swift */ = {isa = PBXFileReference; lastKnownFileType = sourcecode.swift; path = SettingsViewModel.swift; sourceTree = "<group>"; };
		ED14B3D92885D12A00D7A5C3 /* FavoritesTableViewCell.swift */ = {isa = PBXFileReference; lastKnownFileType = sourcecode.swift; path = FavoritesTableViewCell.swift; sourceTree = "<group>"; };
		ED14B3DD2888590400D7A5C3 /* IngredientTableViewCell.swift */ = {isa = PBXFileReference; lastKnownFileType = sourcecode.swift; path = IngredientTableViewCell.swift; sourceTree = "<group>"; };
		ED3CF1D028835D3800333E9A /* Cheers!.entitlements */ = {isa = PBXFileReference; lastKnownFileType = text.plist.entitlements; path = "Cheers!.entitlements"; sourceTree = "<group>"; };
		ED68C9EE28F48F55002321F6 /* CocktailDetail.storyboard */ = {isa = PBXFileReference; lastKnownFileType = file.storyboard; path = CocktailDetail.storyboard; sourceTree = "<group>"; };
		ED69B8172913037600EA3617 /* CustomDetailViewController.swift */ = {isa = PBXFileReference; lastKnownFileType = sourcecode.swift; path = CustomDetailViewController.swift; sourceTree = "<group>"; };
		ED9FECD42968EFD70013ACC0 /* Photo.swift */ = {isa = PBXFileReference; lastKnownFileType = sourcecode.swift; path = Photo.swift; sourceTree = "<group>"; };
		EDB0BE4C286CD5BD005EC7E9 /* Cheers!.app */ = {isa = PBXFileReference; explicitFileType = wrapper.application; includeInIndex = 0; path = "Cheers!.app"; sourceTree = BUILT_PRODUCTS_DIR; };
		EDB0BE4F286CD5BD005EC7E9 /* AppDelegate.swift */ = {isa = PBXFileReference; lastKnownFileType = sourcecode.swift; path = AppDelegate.swift; sourceTree = "<group>"; };
		EDB0BE51286CD5BD005EC7E9 /* SceneDelegate.swift */ = {isa = PBXFileReference; lastKnownFileType = sourcecode.swift; path = SceneDelegate.swift; sourceTree = "<group>"; };
		EDB0BE56286CD5BD005EC7E9 /* Base */ = {isa = PBXFileReference; lastKnownFileType = file.storyboard; name = Base; path = Base.lproj/Main.storyboard; sourceTree = "<group>"; };
		EDB0BE58286CD5BF005EC7E9 /* Assets.xcassets */ = {isa = PBXFileReference; lastKnownFileType = folder.assetcatalog; path = Assets.xcassets; sourceTree = "<group>"; };
		EDB0BE5B286CD5BF005EC7E9 /* Base */ = {isa = PBXFileReference; lastKnownFileType = file.storyboard; name = Base; path = Base.lproj/LaunchScreen.storyboard; sourceTree = "<group>"; };
		EDB0BE5D286CD5BF005EC7E9 /* Info.plist */ = {isa = PBXFileReference; lastKnownFileType = text.plist.xml; path = Info.plist; sourceTree = "<group>"; };
		EDB0BE65286E160A005EC7E9 /* FullCocktail.swift */ = {isa = PBXFileReference; lastKnownFileType = sourcecode.swift; path = FullCocktail.swift; sourceTree = "<group>"; };
		EDB0BE67286E1742005EC7E9 /* User.swift */ = {isa = PBXFileReference; lastKnownFileType = sourcecode.swift; path = User.swift; sourceTree = "<group>"; };
		EDB0BE6B287498F9005EC7E9 /* Base */ = {isa = PBXFileReference; lastKnownFileType = file.storyboard; name = Base; path = "Cheers!/Base.lproj/Home.storyboard"; sourceTree = "<group>"; };
		EDB0BE6E28749968005EC7E9 /* Base */ = {isa = PBXFileReference; lastKnownFileType = file.storyboard; name = Base; path = "Cheers!/Storyboards/Base.lproj/Create.storyboard"; sourceTree = "<group>"; };
		EDB0BE7028749995005EC7E9 /* Favorites.storyboard */ = {isa = PBXFileReference; fileEncoding = 4; lastKnownFileType = file.storyboard; path = Favorites.storyboard; sourceTree = "<group>"; };
		EDB0BE752874AF42005EC7E9 /* CocktailListViewModel.swift */ = {isa = PBXFileReference; lastKnownFileType = sourcecode.swift; path = CocktailListViewModel.swift; sourceTree = "<group>"; };
		EDB0BE772874AF51005EC7E9 /* CocktailDetailViewModel.swift */ = {isa = PBXFileReference; lastKnownFileType = sourcecode.swift; path = CocktailDetailViewModel.swift; sourceTree = "<group>"; };
		EDB0BE7A2874AFD4005EC7E9 /* CocktailListViewController.swift */ = {isa = PBXFileReference; lastKnownFileType = sourcecode.swift; path = CocktailListViewController.swift; sourceTree = "<group>"; };
		EDB0BE7C2874AFEB005EC7E9 /* CocktailDetailViewController.swift */ = {isa = PBXFileReference; lastKnownFileType = sourcecode.swift; path = CocktailDetailViewController.swift; sourceTree = "<group>"; };
		EDB0BE7F2874C101005EC7E9 /* CreateCocktailViewModel.swift */ = {isa = PBXFileReference; lastKnownFileType = sourcecode.swift; path = CreateCocktailViewModel.swift; sourceTree = "<group>"; };
		EDB0BE812874C111005EC7E9 /* CreateCocktailViewController.swift */ = {isa = PBXFileReference; lastKnownFileType = sourcecode.swift; path = CreateCocktailViewController.swift; sourceTree = "<group>"; };
		EDB0BE842874C3DF005EC7E9 /* CocktailListTableViewCell.swift */ = {isa = PBXFileReference; lastKnownFileType = sourcecode.swift; path = CocktailListTableViewCell.swift; sourceTree = "<group>"; };
		EDB0BEC028778F4B005EC7E9 /* UserLoginViewModel.swift */ = {isa = PBXFileReference; lastKnownFileType = sourcecode.swift; path = UserLoginViewModel.swift; sourceTree = "<group>"; };
		EDB0BEC228778F62005EC7E9 /* UserLoginViewController.swift */ = {isa = PBXFileReference; lastKnownFileType = sourcecode.swift; path = UserLoginViewController.swift; sourceTree = "<group>"; };
		EDB0BEC528778F89005EC7E9 /* CreateUserViewModel.swift */ = {isa = PBXFileReference; lastKnownFileType = sourcecode.swift; path = CreateUserViewModel.swift; sourceTree = "<group>"; };
		EDB0BEC728778F97005EC7E9 /* CreateUserViewController.swift */ = {isa = PBXFileReference; lastKnownFileType = sourcecode.swift; path = CreateUserViewController.swift; sourceTree = "<group>"; };
		EDB0BECE2878F4BB005EC7E9 /* FirebaseService.swift */ = {isa = PBXFileReference; lastKnownFileType = sourcecode.swift; path = FirebaseService.swift; sourceTree = "<group>"; };
		EDB0BED02878F722005EC7E9 /* FirebaseError.swift */ = {isa = PBXFileReference; lastKnownFileType = sourcecode.swift; path = FirebaseError.swift; sourceTree = "<group>"; };
		EDB0BED2287B8703005EC7E9 /* NetworkError.swift */ = {isa = PBXFileReference; lastKnownFileType = sourcecode.swift; path = NetworkError.swift; sourceTree = "<group>"; };
		EDB0BED4287B8BD2005EC7E9 /* NetworkController.swift */ = {isa = PBXFileReference; lastKnownFileType = sourcecode.swift; path = NetworkController.swift; sourceTree = "<group>"; };
		EDB0BED6287C8F52005EC7E9 /* GoogleService-Info.plist */ = {isa = PBXFileReference; fileEncoding = 4; lastKnownFileType = text.plist.xml; path = "GoogleService-Info.plist"; sourceTree = "<group>"; };
		EDB0BEDD287D1205005EC7E9 /* CustomCocktail.swift */ = {isa = PBXFileReference; lastKnownFileType = sourcecode.swift; path = CustomCocktail.swift; sourceTree = "<group>"; };
		EDB0BEE0287D2C7E005EC7E9 /* CocktailImageView.swift */ = {isa = PBXFileReference; lastKnownFileType = sourcecode.swift; path = CocktailImageView.swift; sourceTree = "<group>"; };
		EDB0BEE2287E562E005EC7E9 /* TabController.storyboard */ = {isa = PBXFileReference; lastKnownFileType = file.storyboard; path = TabController.storyboard; sourceTree = "<group>"; };
		EDB82BC228A7302900CF974C /* CustomIngredient.swift */ = {isa = PBXFileReference; lastKnownFileType = sourcecode.swift; path = CustomIngredient.swift; sourceTree = "<group>"; };
		EDBFB17D28ECEC4800A81D51 /* IngredientsTableViewCell.swift */ = {isa = PBXFileReference; lastKnownFileType = sourcecode.swift; path = IngredientsTableViewCell.swift; sourceTree = "<group>"; };
		EDEFFF84291C49BB0099D7C4 /* CustomListViewController.swift */ = {isa = PBXFileReference; lastKnownFileType = sourcecode.swift; path = CustomListViewController.swift; sourceTree = "<group>"; };
		EDEFFF86291C49DF0099D7C4 /* CustomListViewModel.swift */ = {isa = PBXFileReference; lastKnownFileType = sourcecode.swift; path = CustomListViewModel.swift; sourceTree = "<group>"; };
		EDEFFF8E291EC6E60099D7C4 /* CustomDetailViewModel.swift */ = {isa = PBXFileReference; lastKnownFileType = sourcecode.swift; path = CustomDetailViewModel.swift; sourceTree = "<group>"; };
/* End PBXFileReference section */

/* Begin PBXFrameworksBuildPhase section */
		EDB0BE49286CD5BD005EC7E9 /* Frameworks */ = {
			isa = PBXFrameworksBuildPhase;
			buildActionMask = 2147483647;
			files = (
				EDAA1EB028E12FD800B47A3C /* IQKeyboardManagerSwift in Frameworks */,
				EDB0BEBE28760389005EC7E9 /* FirebaseFirestoreSwift in Frameworks */,
				EDB0BEB628760389005EC7E9 /* FirebaseAnalytics in Frameworks */,
				EDB0BEBC28760389005EC7E9 /* FirebaseFirestoreCombine-Community in Frameworks */,
				EDB0BEB828760389005EC7E9 /* FirebaseAuth in Frameworks */,
				EDB0BEBA28760389005EC7E9 /* FirebaseFirestore in Frameworks */,
				EDB0BEDC287D0AE4005EC7E9 /* FirebaseStorage in Frameworks */,
			);
			runOnlyForDeploymentPostprocessing = 0;
		};
/* End PBXFrameworksBuildPhase section */

/* Begin PBXGroup section */
		ED02275328CFB262004E6663 /* Settings */ = {
			isa = PBXGroup;
			children = (
				ED02275428CFB283004E6663 /* Settings.storyboard */,
				ED02275628CFB3AD004E6663 /* SettingsViewController.swift */,
				ED02275828CFB3EC004E6663 /* SettingsViewModel.swift */,
			);
			path = Settings;
			sourceTree = "<group>";
		};
		ED14B3D82885D0FA00D7A5C3 /* Custom Cell */ = {
			isa = PBXGroup;
			children = (
				ED14B3D92885D12A00D7A5C3 /* FavoritesTableViewCell.swift */,
			);
			path = "Custom Cell";
			sourceTree = "<group>";
		};
		EDB0BE43286CD5BD005EC7E9 = {
			isa = PBXGroup;
			children = (
				EDB0BE4E286CD5BD005EC7E9 /* Cheers! */,
				EDB0BE4D286CD5BD005EC7E9 /* Products */,
			);
			sourceTree = "<group>";
		};
		EDB0BE4D286CD5BD005EC7E9 /* Products */ = {
			isa = PBXGroup;
			children = (
				EDB0BE4C286CD5BD005EC7E9 /* Cheers!.app */,
			);
			name = Products;
			sourceTree = "<group>";
		};
		EDB0BE4E286CD5BD005EC7E9 /* Cheers! */ = {
			isa = PBXGroup;
			children = (
				ED3CF1D028835D3800333E9A /* Cheers!.entitlements */,
				EDB0BED6287C8F52005EC7E9 /* GoogleService-Info.plist */,
				EDEFFF8D291EC6C40099D7C4 /* Custom Detail */,
				EDB0BEC92877A5D2005EC7E9 /* Custom Cocktails */,
				EDB0BE7E2874C0DB005EC7E9 /* Create Cocktail */,
				EDB0BE792874AF94005EC7E9 /* Cocktail Detail */,
				EDB0BE742874AF25005EC7E9 /* Cocktail List */,
				ED02275328CFB262004E6663 /* Settings */,
				EDB0BEC428778F6C005EC7E9 /* Create User */,
				EDB0BEBF28778F18005EC7E9 /* User Login */,
				EDB0BE64286E15F2005EC7E9 /* Models */,
				EDB0BE732874AC83005EC7E9 /* Services */,
				EDB0BE63286CD5C5005EC7E9 /* Resources */,
				EDB0BE6928747FF8005EC7E9 /* Storyboards */,
			);
			path = "Cheers!";
			sourceTree = "<group>";
		};
		EDB0BE63286CD5C5005EC7E9 /* Resources */ = {
			isa = PBXGroup;
			children = (
				EDB0BE5D286CD5BF005EC7E9 /* Info.plist */,
				EDB0BE58286CD5BF005EC7E9 /* Assets.xcassets */,
				EDB0BE4F286CD5BD005EC7E9 /* AppDelegate.swift */,
				EDB0BE51286CD5BD005EC7E9 /* SceneDelegate.swift */,
			);
			path = Resources;
			sourceTree = "<group>";
		};
		EDB0BE64286E15F2005EC7E9 /* Models */ = {
			isa = PBXGroup;
			children = (
				EDB0BE65286E160A005EC7E9 /* FullCocktail.swift */,
				EDB0BE67286E1742005EC7E9 /* User.swift */,
				EDB0BEDD287D1205005EC7E9 /* CustomCocktail.swift */,
				EDB82BC228A7302900CF974C /* CustomIngredient.swift */,
				ED9FECD42968EFD70013ACC0 /* Photo.swift */,
			);
			path = Models;
			sourceTree = "<group>";
		};
		EDB0BE6928747FF8005EC7E9 /* Storyboards */ = {
			isa = PBXGroup;
			children = (
				EDB0BE5A286CD5BF005EC7E9 /* LaunchScreen.storyboard */,
				EDB0BEE2287E562E005EC7E9 /* TabController.storyboard */,
				EDB0BE55286CD5BD005EC7E9 /* Main.storyboard */,
			);
			path = Storyboards;
			sourceTree = "<group>";
		};
		EDB0BE732874AC83005EC7E9 /* Services */ = {
			isa = PBXGroup;
			children = (
				EDB0BECE2878F4BB005EC7E9 /* FirebaseService.swift */,
				EDB0BED02878F722005EC7E9 /* FirebaseError.swift */,
				EDB0BED2287B8703005EC7E9 /* NetworkError.swift */,
				EDB0BED4287B8BD2005EC7E9 /* NetworkController.swift */,
			);
			path = Services;
			sourceTree = "<group>";
		};
		EDB0BE742874AF25005EC7E9 /* Cocktail List */ = {
			isa = PBXGroup;
			children = (
				EDB0BE6A287498F9005EC7E9 /* Home.storyboard */,
				EDB0BE752874AF42005EC7E9 /* CocktailListViewModel.swift */,
				EDB0BE7A2874AFD4005EC7E9 /* CocktailListViewController.swift */,
				EDB0BE832874C3B9005EC7E9 /* Custom Cell */,
			);
			path = "Cocktail List";
			sourceTree = "<group>";
		};
		EDB0BE792874AF94005EC7E9 /* Cocktail Detail */ = {
			isa = PBXGroup;
			children = (
				ED68C9EE28F48F55002321F6 /* CocktailDetail.storyboard */,
				EDB0BE772874AF51005EC7E9 /* CocktailDetailViewModel.swift */,
				EDB0BE7C2874AFEB005EC7E9 /* CocktailDetailViewController.swift */,
				EDB0BEDF287D2C53005EC7E9 /* Custom Views */,
			);
			path = "Cocktail Detail";
			sourceTree = "<group>";
		};
		EDB0BE7E2874C0DB005EC7E9 /* Create Cocktail */ = {
			isa = PBXGroup;
			children = (
				EDB0BE6D28749968005EC7E9 /* Create.storyboard */,
				EDB0BE7F2874C101005EC7E9 /* CreateCocktailViewModel.swift */,
				EDB0BE812874C111005EC7E9 /* CreateCocktailViewController.swift */,
				EDBFB17C28ECEC2A00A81D51 /* Custom Cell */,
			);
			path = "Create Cocktail";
			sourceTree = "<group>";
		};
		EDB0BE832874C3B9005EC7E9 /* Custom Cell */ = {
			isa = PBXGroup;
			children = (
				EDB0BE842874C3DF005EC7E9 /* CocktailListTableViewCell.swift */,
			);
			path = "Custom Cell";
			sourceTree = "<group>";
		};
		EDB0BEBF28778F18005EC7E9 /* User Login */ = {
			isa = PBXGroup;
			children = (
				EDB0BEC028778F4B005EC7E9 /* UserLoginViewModel.swift */,
				EDB0BEC228778F62005EC7E9 /* UserLoginViewController.swift */,
			);
			path = "User Login";
			sourceTree = "<group>";
		};
		EDB0BEC428778F6C005EC7E9 /* Create User */ = {
			isa = PBXGroup;
			children = (
				EDB0BEC528778F89005EC7E9 /* CreateUserViewModel.swift */,
				EDB0BEC728778F97005EC7E9 /* CreateUserViewController.swift */,
			);
			path = "Create User";
			sourceTree = "<group>";
		};
		EDB0BEC92877A5D2005EC7E9 /* Custom Cocktails */ = {
			isa = PBXGroup;
			children = (
				EDB0BE7028749995005EC7E9 /* Favorites.storyboard */,
				EDEFFF86291C49DF0099D7C4 /* CustomListViewModel.swift */,
				EDEFFF84291C49BB0099D7C4 /* CustomListViewController.swift */,
				ED14B3D82885D0FA00D7A5C3 /* Custom Cell */,
			);
			path = "Custom Cocktails";
			sourceTree = "<group>";
		};
		EDB0BEDF287D2C53005EC7E9 /* Custom Views */ = {
			isa = PBXGroup;
			children = (
				ED14B3DD2888590400D7A5C3 /* IngredientTableViewCell.swift */,
				EDB0BEE0287D2C7E005EC7E9 /* CocktailImageView.swift */,
			);
			path = "Custom Views";
			sourceTree = "<group>";
		};
		EDBFB17C28ECEC2A00A81D51 /* Custom Cell */ = {
			isa = PBXGroup;
			children = (
				EDBFB17D28ECEC4800A81D51 /* IngredientsTableViewCell.swift */,
			);
			path = "Custom Cell";
			sourceTree = "<group>";
		};
		EDEFFF8D291EC6C40099D7C4 /* Custom Detail */ = {
			isa = PBXGroup;
			children = (
				EDEFFF8E291EC6E60099D7C4 /* CustomDetailViewModel.swift */,
				ED69B8172913037600EA3617 /* CustomDetailViewController.swift */,
			);
			path = "Custom Detail";
			sourceTree = "<group>";
		};
/* End PBXGroup section */

/* Begin PBXNativeTarget section */
		EDB0BE4B286CD5BD005EC7E9 /* Cheers! */ = {
			isa = PBXNativeTarget;
			buildConfigurationList = EDB0BE60286CD5BF005EC7E9 /* Build configuration list for PBXNativeTarget "Cheers!" */;
			buildPhases = (
				EDB0BE48286CD5BD005EC7E9 /* Sources */,
				EDB0BE49286CD5BD005EC7E9 /* Frameworks */,
				EDB0BE4A286CD5BD005EC7E9 /* Resources */,
			);
			buildRules = (
			);
			dependencies = (
			);
			name = "Cheers!";
			packageProductDependencies = (
				EDB0BEB528760389005EC7E9 /* FirebaseAnalytics */,
				EDB0BEB728760389005EC7E9 /* FirebaseAuth */,
				EDB0BEB928760389005EC7E9 /* FirebaseFirestore */,
				EDB0BEBB28760389005EC7E9 /* FirebaseFirestoreCombine-Community */,
				EDB0BEBD28760389005EC7E9 /* FirebaseFirestoreSwift */,
				EDB0BEDB287D0AE4005EC7E9 /* FirebaseStorage */,
				EDAA1EAF28E12FD800B47A3C /* IQKeyboardManagerSwift */,
			);
			productName = "Cheers!";
			productReference = EDB0BE4C286CD5BD005EC7E9 /* Cheers!.app */;
			productType = "com.apple.product-type.application";
		};
/* End PBXNativeTarget section */

/* Begin PBXProject section */
		EDB0BE44286CD5BD005EC7E9 /* Project object */ = {
			isa = PBXProject;
			attributes = {
				BuildIndependentTargetsInParallel = 1;
				LastSwiftUpdateCheck = 1340;
				LastUpgradeCheck = 1340;
				TargetAttributes = {
					EDB0BE4B286CD5BD005EC7E9 = {
						CreatedOnToolsVersion = 13.4.1;
					};
				};
			};
			buildConfigurationList = EDB0BE47286CD5BD005EC7E9 /* Build configuration list for PBXProject "Cheers!" */;
			compatibilityVersion = "Xcode 13.0";
			developmentRegion = en;
			hasScannedForEncodings = 0;
			knownRegions = (
				en,
				Base,
			);
			mainGroup = EDB0BE43286CD5BD005EC7E9;
			packageReferences = (
				EDB0BEB428760389005EC7E9 /* XCRemoteSwiftPackageReference "firebase-ios-sdk" */,
				EDAA1EAE28E12FD800B47A3C /* XCRemoteSwiftPackageReference "IQKeyboardManager" */,
			);
			productRefGroup = EDB0BE4D286CD5BD005EC7E9 /* Products */;
			projectDirPath = "";
			projectRoot = "";
			targets = (
				EDB0BE4B286CD5BD005EC7E9 /* Cheers! */,
			);
		};
/* End PBXProject section */

/* Begin PBXResourcesBuildPhase section */
		EDB0BE4A286CD5BD005EC7E9 /* Resources */ = {
			isa = PBXResourcesBuildPhase;
			buildActionMask = 2147483647;
			files = (
				EDB0BE6F28749968005EC7E9 /* Create.storyboard in Resources */,
				EDB0BE5C286CD5BF005EC7E9 /* LaunchScreen.storyboard in Resources */,
				EDB0BEE3287E562E005EC7E9 /* TabController.storyboard in Resources */,
				EDB0BED7287C8F52005EC7E9 /* GoogleService-Info.plist in Resources */,
				EDB0BE7128749995005EC7E9 /* Favorites.storyboard in Resources */,
				ED68C9EF28F48F55002321F6 /* CocktailDetail.storyboard in Resources */,
				EDB0BE59286CD5BF005EC7E9 /* Assets.xcassets in Resources */,
				ED02275528CFB283004E6663 /* Settings.storyboard in Resources */,
				EDB0BE57286CD5BD005EC7E9 /* Main.storyboard in Resources */,
				EDB0BE6C287498F9005EC7E9 /* Home.storyboard in Resources */,
			);
			runOnlyForDeploymentPostprocessing = 0;
		};
/* End PBXResourcesBuildPhase section */

/* Begin PBXSourcesBuildPhase section */
		EDB0BE48286CD5BD005EC7E9 /* Sources */ = {
			isa = PBXSourcesBuildPhase;
			buildActionMask = 2147483647;
			files = (
				ED14B3DA2885D12A00D7A5C3 /* FavoritesTableViewCell.swift in Sources */,
				EDBFB17E28ECEC4800A81D51 /* IngredientsTableViewCell.swift in Sources */,
				EDB0BED5287B8BD2005EC7E9 /* NetworkController.swift in Sources */,
				EDB0BECF2878F4BB005EC7E9 /* FirebaseService.swift in Sources */,
				EDB0BEC128778F4B005EC7E9 /* UserLoginViewModel.swift in Sources */,
				EDB0BE7B2874AFD4005EC7E9 /* CocktailListViewController.swift in Sources */,
				EDB0BEC628778F89005EC7E9 /* CreateUserViewModel.swift in Sources */,
				EDB0BE852874C3DF005EC7E9 /* CocktailListTableViewCell.swift in Sources */,
				EDB82BC328A7302900CF974C /* CustomIngredient.swift in Sources */,
				EDB0BE68286E1742005EC7E9 /* User.swift in Sources */,
				EDB0BE762874AF42005EC7E9 /* CocktailListViewModel.swift in Sources */,
				EDB0BEDE287D1205005EC7E9 /* CustomCocktail.swift in Sources */,
				EDEFFF8F291EC6E60099D7C4 /* CustomDetailViewModel.swift in Sources */,
				EDB0BEE1287D2C7E005EC7E9 /* CocktailImageView.swift in Sources */,
				EDB0BED12878F722005EC7E9 /* FirebaseError.swift in Sources */,
				EDB0BE50286CD5BD005EC7E9 /* AppDelegate.swift in Sources */,
				ED9FECD52968EFD70013ACC0 /* Photo.swift in Sources */,
				EDB0BEC328778F62005EC7E9 /* UserLoginViewController.swift in Sources */,
				EDB0BE52286CD5BD005EC7E9 /* SceneDelegate.swift in Sources */,
				EDB0BE802874C101005EC7E9 /* CreateCocktailViewModel.swift in Sources */,
				ED69B8182913037600EA3617 /* CustomDetailViewController.swift in Sources */,
				EDEFFF85291C49BB0099D7C4 /* CustomListViewController.swift in Sources */,
				EDB0BED3287B8703005EC7E9 /* NetworkError.swift in Sources */,
				EDB0BEC828778F97005EC7E9 /* CreateUserViewController.swift in Sources */,
				ED14B3DE2888590400D7A5C3 /* IngredientTableViewCell.swift in Sources */,
				EDEFFF87291C49DF0099D7C4 /* CustomListViewModel.swift in Sources */,
				EDB0BE7D2874AFEB005EC7E9 /* CocktailDetailViewController.swift in Sources */,
				EDB0BE66286E160A005EC7E9 /* FullCocktail.swift in Sources */,
				EDB0BE822874C111005EC7E9 /* CreateCocktailViewController.swift in Sources */,
				EDB0BE782874AF51005EC7E9 /* CocktailDetailViewModel.swift in Sources */,
				ED02275728CFB3AD004E6663 /* SettingsViewController.swift in Sources */,
				ED02275928CFB3EC004E6663 /* SettingsViewModel.swift in Sources */,
			);
			runOnlyForDeploymentPostprocessing = 0;
		};
/* End PBXSourcesBuildPhase section */

/* Begin PBXVariantGroup section */
		EDB0BE55286CD5BD005EC7E9 /* Main.storyboard */ = {
			isa = PBXVariantGroup;
			children = (
				EDB0BE56286CD5BD005EC7E9 /* Base */,
			);
			name = Main.storyboard;
			sourceTree = "<group>";
		};
		EDB0BE5A286CD5BF005EC7E9 /* LaunchScreen.storyboard */ = {
			isa = PBXVariantGroup;
			children = (
				EDB0BE5B286CD5BF005EC7E9 /* Base */,
			);
			name = LaunchScreen.storyboard;
			sourceTree = "<group>";
		};
		EDB0BE6A287498F9005EC7E9 /* Home.storyboard */ = {
			isa = PBXVariantGroup;
			children = (
				EDB0BE6B287498F9005EC7E9 /* Base */,
			);
			name = Home.storyboard;
			sourceTree = "<group>";
		};
		EDB0BE6D28749968005EC7E9 /* Create.storyboard */ = {
			isa = PBXVariantGroup;
			children = (
				EDB0BE6E28749968005EC7E9 /* Base */,
			);
			name = Create.storyboard;
			sourceTree = "<group>";
		};
/* End PBXVariantGroup section */

/* Begin XCBuildConfiguration section */
		EDB0BE5E286CD5BF005EC7E9 /* Debug */ = {
			isa = XCBuildConfiguration;
			buildSettings = {
				ALWAYS_SEARCH_USER_PATHS = NO;
				CLANG_ANALYZER_NONNULL = YES;
				CLANG_ANALYZER_NUMBER_OBJECT_CONVERSION = YES_AGGRESSIVE;
				CLANG_CXX_LANGUAGE_STANDARD = "gnu++17";
				CLANG_ENABLE_MODULES = YES;
				CLANG_ENABLE_OBJC_ARC = YES;
				CLANG_ENABLE_OBJC_WEAK = YES;
				CLANG_WARN_BLOCK_CAPTURE_AUTORELEASING = YES;
				CLANG_WARN_BOOL_CONVERSION = YES;
				CLANG_WARN_COMMA = YES;
				CLANG_WARN_CONSTANT_CONVERSION = YES;
				CLANG_WARN_DEPRECATED_OBJC_IMPLEMENTATIONS = YES;
				CLANG_WARN_DIRECT_OBJC_ISA_USAGE = YES_ERROR;
				CLANG_WARN_DOCUMENTATION_COMMENTS = YES;
				CLANG_WARN_EMPTY_BODY = YES;
				CLANG_WARN_ENUM_CONVERSION = YES;
				CLANG_WARN_INFINITE_RECURSION = YES;
				CLANG_WARN_INT_CONVERSION = YES;
				CLANG_WARN_NON_LITERAL_NULL_CONVERSION = YES;
				CLANG_WARN_OBJC_IMPLICIT_RETAIN_SELF = YES;
				CLANG_WARN_OBJC_LITERAL_CONVERSION = YES;
				CLANG_WARN_OBJC_ROOT_CLASS = YES_ERROR;
				CLANG_WARN_QUOTED_INCLUDE_IN_FRAMEWORK_HEADER = YES;
				CLANG_WARN_RANGE_LOOP_ANALYSIS = YES;
				CLANG_WARN_STRICT_PROTOTYPES = YES;
				CLANG_WARN_SUSPICIOUS_MOVE = YES;
				CLANG_WARN_UNGUARDED_AVAILABILITY = YES_AGGRESSIVE;
				CLANG_WARN_UNREACHABLE_CODE = YES;
				CLANG_WARN__DUPLICATE_METHOD_MATCH = YES;
				COPY_PHASE_STRIP = NO;
				DEBUG_INFORMATION_FORMAT = dwarf;
				ENABLE_STRICT_OBJC_MSGSEND = YES;
				ENABLE_TESTABILITY = YES;
				GCC_C_LANGUAGE_STANDARD = gnu11;
				GCC_DYNAMIC_NO_PIC = NO;
				GCC_NO_COMMON_BLOCKS = YES;
				GCC_OPTIMIZATION_LEVEL = 0;
				GCC_PREPROCESSOR_DEFINITIONS = (
					"DEBUG=1",
					"$(inherited)",
				);
				GCC_WARN_64_TO_32_BIT_CONVERSION = YES;
				GCC_WARN_ABOUT_RETURN_TYPE = YES_ERROR;
				GCC_WARN_UNDECLARED_SELECTOR = YES;
				GCC_WARN_UNINITIALIZED_AUTOS = YES_AGGRESSIVE;
				GCC_WARN_UNUSED_FUNCTION = YES;
				GCC_WARN_UNUSED_VARIABLE = YES;
				IPHONEOS_DEPLOYMENT_TARGET = 15.5;
				MTL_ENABLE_DEBUG_INFO = INCLUDE_SOURCE;
				MTL_FAST_MATH = YES;
				ONLY_ACTIVE_ARCH = YES;
				SDKROOT = iphoneos;
				SWIFT_ACTIVE_COMPILATION_CONDITIONS = DEBUG;
				SWIFT_OPTIMIZATION_LEVEL = "-Onone";
			};
			name = Debug;
		};
		EDB0BE5F286CD5BF005EC7E9 /* Release */ = {
			isa = XCBuildConfiguration;
			buildSettings = {
				ALWAYS_SEARCH_USER_PATHS = NO;
				CLANG_ANALYZER_NONNULL = YES;
				CLANG_ANALYZER_NUMBER_OBJECT_CONVERSION = YES_AGGRESSIVE;
				CLANG_CXX_LANGUAGE_STANDARD = "gnu++17";
				CLANG_ENABLE_MODULES = YES;
				CLANG_ENABLE_OBJC_ARC = YES;
				CLANG_ENABLE_OBJC_WEAK = YES;
				CLANG_WARN_BLOCK_CAPTURE_AUTORELEASING = YES;
				CLANG_WARN_BOOL_CONVERSION = YES;
				CLANG_WARN_COMMA = YES;
				CLANG_WARN_CONSTANT_CONVERSION = YES;
				CLANG_WARN_DEPRECATED_OBJC_IMPLEMENTATIONS = YES;
				CLANG_WARN_DIRECT_OBJC_ISA_USAGE = YES_ERROR;
				CLANG_WARN_DOCUMENTATION_COMMENTS = YES;
				CLANG_WARN_EMPTY_BODY = YES;
				CLANG_WARN_ENUM_CONVERSION = YES;
				CLANG_WARN_INFINITE_RECURSION = YES;
				CLANG_WARN_INT_CONVERSION = YES;
				CLANG_WARN_NON_LITERAL_NULL_CONVERSION = YES;
				CLANG_WARN_OBJC_IMPLICIT_RETAIN_SELF = YES;
				CLANG_WARN_OBJC_LITERAL_CONVERSION = YES;
				CLANG_WARN_OBJC_ROOT_CLASS = YES_ERROR;
				CLANG_WARN_QUOTED_INCLUDE_IN_FRAMEWORK_HEADER = YES;
				CLANG_WARN_RANGE_LOOP_ANALYSIS = YES;
				CLANG_WARN_STRICT_PROTOTYPES = YES;
				CLANG_WARN_SUSPICIOUS_MOVE = YES;
				CLANG_WARN_UNGUARDED_AVAILABILITY = YES_AGGRESSIVE;
				CLANG_WARN_UNREACHABLE_CODE = YES;
				CLANG_WARN__DUPLICATE_METHOD_MATCH = YES;
				COPY_PHASE_STRIP = NO;
				DEBUG_INFORMATION_FORMAT = "dwarf-with-dsym";
				ENABLE_NS_ASSERTIONS = NO;
				ENABLE_STRICT_OBJC_MSGSEND = YES;
				GCC_C_LANGUAGE_STANDARD = gnu11;
				GCC_NO_COMMON_BLOCKS = YES;
				GCC_WARN_64_TO_32_BIT_CONVERSION = YES;
				GCC_WARN_ABOUT_RETURN_TYPE = YES_ERROR;
				GCC_WARN_UNDECLARED_SELECTOR = YES;
				GCC_WARN_UNINITIALIZED_AUTOS = YES_AGGRESSIVE;
				GCC_WARN_UNUSED_FUNCTION = YES;
				GCC_WARN_UNUSED_VARIABLE = YES;
				IPHONEOS_DEPLOYMENT_TARGET = 15.5;
				MTL_ENABLE_DEBUG_INFO = NO;
				MTL_FAST_MATH = YES;
				SDKROOT = iphoneos;
				SWIFT_COMPILATION_MODE = wholemodule;
				SWIFT_OPTIMIZATION_LEVEL = "-O";
				VALIDATE_PRODUCT = YES;
			};
			name = Release;
		};
		EDB0BE61286CD5BF005EC7E9 /* Debug */ = {
			isa = XCBuildConfiguration;
			buildSettings = {
				ASSETCATALOG_COMPILER_APPICON_NAME = AppIcon;
				ASSETCATALOG_COMPILER_GLOBAL_ACCENT_COLOR_NAME = AccentColor;
				CODE_SIGN_ENTITLEMENTS = "Cheers!/Cheers!.entitlements";
				CODE_SIGN_STYLE = Automatic;
				CURRENT_PROJECT_VERSION = 1;
				DEVELOPMENT_TEAM = W2576L6Y5L;
				GENERATE_INFOPLIST_FILE = YES;
				INFOPLIST_FILE = "Cheers!/Resources/Info.plist";
				INFOPLIST_KEY_CFBundleDisplayName = "Cocktail Creations";
				INFOPLIST_KEY_UIApplicationSupportsIndirectInputEvents = YES;
				INFOPLIST_KEY_UILaunchStoryboardName = LaunchScreen;
				INFOPLIST_KEY_UIMainStoryboardFile = Main;
				INFOPLIST_KEY_UISupportedInterfaceOrientations_iPad = "UIInterfaceOrientationPortrait UIInterfaceOrientationPortraitUpsideDown UIInterfaceOrientationLandscapeLeft UIInterfaceOrientationLandscapeRight";
				INFOPLIST_KEY_UISupportedInterfaceOrientations_iPhone = "UIInterfaceOrientationPortrait UIInterfaceOrientationLandscapeLeft UIInterfaceOrientationLandscapeRight";
				LD_RUNPATH_SEARCH_PATHS = (
					"$(inherited)",
					"@executable_path/Frameworks",
				);
				MARKETING_VERSION = 1.0;
				PRODUCT_BUNDLE_IDENTIFIER = "Tr0picalpenguin.Cocktail-Creations";
				PRODUCT_NAME = "$(TARGET_NAME)";
				SWIFT_EMIT_LOC_STRINGS = YES;
				SWIFT_VERSION = 5.0;
				TARGETED_DEVICE_FAMILY = "1,2";
			};
			name = Debug;
		};
		EDB0BE62286CD5BF005EC7E9 /* Release */ = {
			isa = XCBuildConfiguration;
			buildSettings = {
				ASSETCATALOG_COMPILER_APPICON_NAME = AppIcon;
				ASSETCATALOG_COMPILER_GLOBAL_ACCENT_COLOR_NAME = AccentColor;
				CODE_SIGN_ENTITLEMENTS = "Cheers!/Cheers!.entitlements";
				CODE_SIGN_STYLE = Automatic;
				CURRENT_PROJECT_VERSION = 1;
				DEVELOPMENT_TEAM = W2576L6Y5L;
				GENERATE_INFOPLIST_FILE = YES;
				INFOPLIST_FILE = "Cheers!/Resources/Info.plist";
				INFOPLIST_KEY_CFBundleDisplayName = "Cocktail Creations";
				INFOPLIST_KEY_UIApplicationSupportsIndirectInputEvents = YES;
				INFOPLIST_KEY_UILaunchStoryboardName = LaunchScreen;
				INFOPLIST_KEY_UIMainStoryboardFile = Main;
				INFOPLIST_KEY_UISupportedInterfaceOrientations_iPad = "UIInterfaceOrientationPortrait UIInterfaceOrientationPortraitUpsideDown UIInterfaceOrientationLandscapeLeft UIInterfaceOrientationLandscapeRight";
				INFOPLIST_KEY_UISupportedInterfaceOrientations_iPhone = "UIInterfaceOrientationPortrait UIInterfaceOrientationLandscapeLeft UIInterfaceOrientationLandscapeRight";
				LD_RUNPATH_SEARCH_PATHS = (
					"$(inherited)",
					"@executable_path/Frameworks",
				);
				MARKETING_VERSION = 1.0;
				PRODUCT_BUNDLE_IDENTIFIER = "Tr0picalpenguin.Cocktail-Creations";
				PRODUCT_NAME = "$(TARGET_NAME)";
				SWIFT_EMIT_LOC_STRINGS = YES;
				SWIFT_VERSION = 5.0;
				TARGETED_DEVICE_FAMILY = "1,2";
			};
			name = Release;
		};
/* End XCBuildConfiguration section */

/* Begin XCConfigurationList section */
		EDB0BE47286CD5BD005EC7E9 /* Build configuration list for PBXProject "Cheers!" */ = {
			isa = XCConfigurationList;
			buildConfigurations = (
				EDB0BE5E286CD5BF005EC7E9 /* Debug */,
				EDB0BE5F286CD5BF005EC7E9 /* Release */,
			);
			defaultConfigurationIsVisible = 0;
			defaultConfigurationName = Release;
		};
		EDB0BE60286CD5BF005EC7E9 /* Build configuration list for PBXNativeTarget "Cheers!" */ = {
			isa = XCConfigurationList;
			buildConfigurations = (
				EDB0BE61286CD5BF005EC7E9 /* Debug */,
				EDB0BE62286CD5BF005EC7E9 /* Release */,
			);
			defaultConfigurationIsVisible = 0;
			defaultConfigurationName = Release;
		};
/* End XCConfigurationList section */

/* Begin XCRemoteSwiftPackageReference section */
		EDAA1EAE28E12FD800B47A3C /* XCRemoteSwiftPackageReference "IQKeyboardManager" */ = {
			isa = XCRemoteSwiftPackageReference;
			repositoryURL = "https://github.com/hackiftekhar/IQKeyboardManager.git";
			requirement = {
				branch = master;
				kind = branch;
			};
		};
		EDB0BEB428760389005EC7E9 /* XCRemoteSwiftPackageReference "firebase-ios-sdk" */ = {
			isa = XCRemoteSwiftPackageReference;
			repositoryURL = "https://github.com/firebase/firebase-ios-sdk";
			requirement = {
				branch = master;
				kind = branch;
			};
		};
/* End XCRemoteSwiftPackageReference section */

/* Begin XCSwiftPackageProductDependency section */
		EDAA1EAF28E12FD800B47A3C /* IQKeyboardManagerSwift */ = {
			isa = XCSwiftPackageProductDependency;
			package = EDAA1EAE28E12FD800B47A3C /* XCRemoteSwiftPackageReference "IQKeyboardManager" */;
			productName = IQKeyboardManagerSwift;
		};
		EDB0BEB528760389005EC7E9 /* FirebaseAnalytics */ = {
			isa = XCSwiftPackageProductDependency;
			package = EDB0BEB428760389005EC7E9 /* XCRemoteSwiftPackageReference "firebase-ios-sdk" */;
			productName = FirebaseAnalytics;
		};
		EDB0BEB728760389005EC7E9 /* FirebaseAuth */ = {
			isa = XCSwiftPackageProductDependency;
			package = EDB0BEB428760389005EC7E9 /* XCRemoteSwiftPackageReference "firebase-ios-sdk" */;
			productName = FirebaseAuth;
		};
		EDB0BEB928760389005EC7E9 /* FirebaseFirestore */ = {
			isa = XCSwiftPackageProductDependency;
			package = EDB0BEB428760389005EC7E9 /* XCRemoteSwiftPackageReference "firebase-ios-sdk" */;
			productName = FirebaseFirestore;
		};
		EDB0BEBB28760389005EC7E9 /* FirebaseFirestoreCombine-Community */ = {
			isa = XCSwiftPackageProductDependency;
			package = EDB0BEB428760389005EC7E9 /* XCRemoteSwiftPackageReference "firebase-ios-sdk" */;
			productName = "FirebaseFirestoreCombine-Community";
		};
		EDB0BEBD28760389005EC7E9 /* FirebaseFirestoreSwift */ = {
			isa = XCSwiftPackageProductDependency;
			package = EDB0BEB428760389005EC7E9 /* XCRemoteSwiftPackageReference "firebase-ios-sdk" */;
			productName = FirebaseFirestoreSwift;
		};
		EDB0BEDB287D0AE4005EC7E9 /* FirebaseStorage */ = {
			isa = XCSwiftPackageProductDependency;
			package = EDB0BEB428760389005EC7E9 /* XCRemoteSwiftPackageReference "firebase-ios-sdk" */;
			productName = FirebaseStorage;
		};
/* End XCSwiftPackageProductDependency section */
	};
	rootObject = EDB0BE44286CD5BD005EC7E9 /* Project object */;
}
